
Microsoft Visual Studio Solution File, Format Version 12.00
# Visual Studio Version 16
VisualStudioVersion = 16.0.31321.278
MinimumVisualStudioVersion = 10.0.40219.1
Project("{FAE04EC0-301F-11D3-BF4B-00C04F79EFBC}") = "SalesTaxApp", "SalesTaxApp\SalesTaxApp.csproj", "{CC0FADF3-9F5E-4231-B2C6-EE1682611EC4}"
EndProject
Global
	GlobalSection(SolutionConfigurationPlatforms) = preSolution
		Debug|Any CPU = Debug|Any CPU
		Release|Any CPU = Release|Any CPU
	EndGlobalSection
	GlobalSection(ProjectConfigurationPlatforms) = postSolution
		{CC0FADF3-9F5E-4231-B2C6-EE1682611EC4}.Debug|Any CPU.ActiveCfg = Debug|Any CPU
		{CC0FADF3-9F5E-4231-B2C6-EE1682611EC4}.Debug|Any CPU.Build.0 = Debug|Any CPU
		{CC0FADF3-9F5E-4231-B2C6-EE1682611EC4}.Release|Any CPU.ActiveCfg = Release|Any CPU
		{CC0FADF3-9F5E-4231-B2C6-EE1682611EC4}.Release|Any CPU.Build.0 = Release|Any CPU
	EndGlobalSection
	GlobalSection(SolutionProperties) = preSolution
		HideSolutionNode = FALSE
	EndGlobalSection
	GlobalSection(ExtensibilityGlobals) = postSolution
		SolutionGuid = {F495E593-A961-463A-A1DC-5B77E69F959D}
	EndGlobalSection
EndGlobal
